{
  "markbot": "8a5031a6940b7eea2fb08f3bffcbc42f67fba970b4289e43c0caf70b896c0e4e",
  "index-320.png": "da481767e4e9701f7c96407e85714b6ff0c51ed77d2dc204c1214757293b1534",
  "index-400.png": "5e4e0ac3a8aec74e874f942ced6ea19682ab7606a7969da68631bb1003434d43",
  "index-608.png": "59e251f90d1976f712f9d925c36e12f57ef618cc050b59928a9a01dcc3cc4351",
  "index-960.png": "33f8f120f9ce6bbbcabd31d9bb2043acb4f38afc103285a3da64942a02863f23",
  "index-1440.png": "ac3a8a31342c4bff74c4e3e1f4b8bf8b2b2e15386313e62d993c4d56234d3169"
}